lockfileVersion: 5.4

specifiers:
  lit: ^2.5.0
  nanostores: ^0.7.1
  typescript: ^4.9.4

dependencies:
  nanostores: 0.7.1

devDependencies:
  lit: 2.5.0
  typescript: 4.9.4

packages:

  /@lit/reactive-element/1.5.0:
    resolution: {integrity: sha512-fQh9FDK0LPTwDk+0HhSZEtb8K0LTN1wXerwpGrWA+a8tWulYRDLI4vQDWp4GOIsewn0572KYV/oZ3+492D7osA==}
    dev: true

  /@types/trusted-types/2.0.2:
    resolution: {integrity: sha512-F5DIZ36YVLE+PN+Zwws4kJogq47hNgX3Nx6WyDJ3kcplxyke3XIzB8uK5n/Lpm1HBsbGzd6nmGehL8cPekP+Tg==}
    dev: true

  /lit-element/3.2.2:
    resolution: {integrity: sha512-6ZgxBR9KNroqKb6+htkyBwD90XGRiqKDHVrW/Eh0EZ+l+iC+u+v+w3/BA5NGi4nizAVHGYvQBHUDuSmLjPp7NQ==}
    dependencies:
      '@lit/reactive-element': 1.5.0
      lit-html: 2.5.0
    dev: true

  /lit-html/2.5.0:
    resolution: {integrity: sha512-bLHosg1XL3JRUcKdSVI0sLCs0y1wWrj2sqqAN3cZ7bDDPNgmDHH29RV48x6Wz3ZmkxIupaE+z7uXSZ/pXWAO1g==}
    dependencies:
      '@types/trusted-types': 2.0.2
    dev: true

  /lit/2.5.0:
    resolution: {integrity: sha512-DtnUP6vR3l4Q8nRPPNBD+UxbAhwJPeky+OVbi3pdgMqm0g57xFSl1Sj64D1rIB+nVNdiVVg8YxB0hqKjvdadZA==}
    dependencies:
      '@lit/reactive-element': 1.5.0
      lit-element: 3.2.2
      lit-html: 2.5.0
    dev: true

  /nanostores/0.7.1:
    resolution: {integrity: sha512-7HenoVpZOjRudHCmAVWKloBTk3+Ozw49KuRWq/pNlEIIVS3x9dID+I5z3Rhjxl1muhHwv4dFhpT+0FebT9jvaA==}
    engines: {node: ^14.0.0 || ^16.0.0 || >=18.0.0}
    dev: false

  /typescript/4.9.4:
    resolution: {integrity: sha512-Uz+dTXYzxXXbsFpM86Wh3dKCxrQqUcVMxwU54orwlJjOpO3ao8L7j5lH+dWfTwgCwIuM9GQ2kvVotzYJMXTBZg==}
    engines: {node: '>=4.2.0'}
    hasBin: true
    dev: true
